{
  "name": "mensajeria-p2p",
  "version": "1.0.0",
  "lockfileVersion": 3,
  "requires": true,
  "packages": {
    "": {
      "name": "mensajeria-p2p",
      "version": "1.0.0",
      "license": "ISC",
      "workspaces": [
        "packages/*"
      ]
    },
    "node_modules/client": {
      "resolved": "packages/client",
      "link": true
    },
    "node_modules/relay-node": {
      "resolved": "packages/relay-node",
      "link": true
    },
    "node_modules/shared": {
      "resolved": "packages/shared",
      "link": true
    },
    "packages/client": {
      "version": "1.0.0",
      "license": "ISC"
    },
    "packages/relay-node": {
      "version": "1.0.0",
      "license": "ISC",
      "dependencies": {
        "shared": "*"
      }
    },
    "packages/shared": {
      "version": "1.0.0",
      "license": "ISC"
    }
  }
}
